
Microsoft Visual Studio Solution File, Format Version 12.00
# Visual Studio Version 17
VisualStudioVersion = 17.2.32314.265
MinimumVisualStudioVersion = 10.0.40219.1
Project("{9A19103F-16F7-4668-BE54-9A1E7A4F7556}") = "SampleClient", "SampleClient\SampleClient.csproj", "{6F9BA713-8270-4E53-A3AD-CF90E97B3876}"
EndProject
Project("{FAE04EC0-301F-11D3-BF4B-00C04F79EFBC}") = "SSHKeysGenerator", "SSHKeysGenerator\SSHKeysGenerator.csproj", "{A5A12398-AA28-47E2-AB2C-5EE3853164BF}"
EndProject
Global
	GlobalSection(SolutionConfigurationPlatforms) = preSolution
		Debug|Any CPU = Debug|Any CPU
		Release|Any CPU = Release|Any CPU
	EndGlobalSection
	GlobalSection(ProjectConfigurationPlatforms) = postSolution
		{6F9BA713-8270-4E53-A3AD-CF90E97B3876}.Debug|Any CPU.ActiveCfg = Debug|Any CPU
		{6F9BA713-8270-4E53-A3AD-CF90E97B3876}.Debug|Any CPU.Build.0 = Debug|Any CPU
		{6F9BA713-8270-4E53-A3AD-CF90E97B3876}.Release|Any CPU.ActiveCfg = Release|Any CPU
		{6F9BA713-8270-4E53-A3AD-CF90E97B3876}.Release|Any CPU.Build.0 = Release|Any CPU
		{A5A12398-AA28-47E2-AB2C-5EE3853164BF}.Debug|Any CPU.ActiveCfg = Debug|Any CPU
		{A5A12398-AA28-47E2-AB2C-5EE3853164BF}.Debug|Any CPU.Build.0 = Debug|Any CPU
		{A5A12398-AA28-47E2-AB2C-5EE3853164BF}.Release|Any CPU.ActiveCfg = Release|Any CPU
		{A5A12398-AA28-47E2-AB2C-5EE3853164BF}.Release|Any CPU.Build.0 = Release|Any CPU
	EndGlobalSection
	GlobalSection(SolutionProperties) = preSolution
		HideSolutionNode = FALSE
	EndGlobalSection
	GlobalSection(ExtensibilityGlobals) = postSolution
		SolutionGuid = {B3059C5D-D500-4D5F-A2DC-F1D5AF40728B}
	EndGlobalSection
EndGlobal
